
Microsoft Visual Studio Solution File, Format Version 12.00
# Visual Studio 14
VisualStudioVersion = 14.0.25123.0
MinimumVisualStudioVersion = 10.0.40219.1
Project("{78C9907C-C22D-4F8D-B13A-49F213FF1631}") = "RustTuror", "RustTuror\RustTuror.rsproj", "{D2A270DF-AC15-4D11-A772-62137EAC21D2}"
EndProject
Global
	GlobalSection(SolutionConfigurationPlatforms) = preSolution
		Debug|default = Debug|default
		Release|default = Release|default
	EndGlobalSection
	GlobalSection(ProjectConfigurationPlatforms) = postSolution
		{D2A270DF-AC15-4D11-A772-62137EAC21D2}.Debug|default.ActiveCfg = Debug|default
		{D2A270DF-AC15-4D11-A772-62137EAC21D2}.Debug|default.Build.0 = Debug|default
		{D2A270DF-AC15-4D11-A772-62137EAC21D2}.Release|default.ActiveCfg = Release|default
		{D2A270DF-AC15-4D11-A772-62137EAC21D2}.Release|default.Build.0 = Release|default
	EndGlobalSection
	GlobalSection(SolutionProperties) = preSolution
		HideSolutionNode = FALSE
	EndGlobalSection
EndGlobal
